{
  "pins" : [
    {
      "identity" : "cosmos",
      "kind" : "remoteSourceControl",
      "location" : "https://github.com/evgenyneu/Cosmos.git",
      "state" : {
        "revision" : "0ce74de64fdb6bfb19a7090f9d5f1fc5288bfbf6",
        "version" : "20.0.1"
      }
    },
    {
      "identity" : "flanimatedimage",
      "kind" : "remoteSourceControl",
      "location" : "https://github.com/Flipboard/FLAnimatedImage.git",
      "state" : {
        "revision" : "d4f07b6f164d53c1212c3e54d6460738b1981e9f",
        "version" : "1.0.17"
      }
    },
    {
      "identity" : "mobile-keyboard-ios",
      "kind" : "remoteSourceControl",
      "location" : "https://github.com/roxchat/mobile-keyboard-ios.git",
      "state" : {
        "revision" : "d33bed5058814d0478e81f6bbe0c5d2bf5b13718",
        "version" : "2.0.1"
      }
    },
    {
      "identity" : "mobile-sdk-ios",
      "kind" : "remoteSourceControl",
      "location" : "https://github.com/roxchat/mobile-sdk-ios.git",
      "state" : {
        "revision" : "8aaaf1f11c0f12bf0828b85199a9416eb2942a34",
        "version" : "3.0.4"
      }
    },
    {
      "identity" : "mobile-widget-ios",
      "kind" : "remoteSourceControl",
      "location" : "https://github.com/roxchat/mobile-widget-ios",
      "state" : {
        "branch" : "release_1_0_0",
        "revision" : "62111738f2a5586ef79391a1e03bbadf7afda85e"
      }
    },
    {
      "identity" : "nuke",
      "kind" : "remoteSourceControl",
      "location" : "https://github.com/kean/Nuke.git",
      "state" : {
        "revision" : "1694798e876113d44f6ec6ead965d7286695981d",
        "version" : "12.2.0"
      }
    },
    {
      "identity" : "snapkit",
      "kind" : "remoteSourceControl",
      "location" : "https://github.com/SnapKit/SnapKit.git",
      "state" : {
        "revision" : "f222cbdf325885926566172f6f5f06af95473158",
        "version" : "5.6.0"
      }
    },
    {
      "identity" : "sqlite.swift",
      "kind" : "remoteSourceControl",
      "location" : "https://github.com/stephencelis/SQLite.swift.git",
      "state" : {
        "revision" : "7a2e3cd27de56f6d396e84f63beefd0267b55ccb",
        "version" : "0.14.1"
      }
    }
  ],
  "version" : 2
}
