{
  "originHash" : "1bcb02c0b7f21e4240d1c00f023ce884795018a03584a80e98794a96ace5296b",
  "pins" : [
    {
      "identity" : "cosmos",
      "kind" : "remoteSourceControl",
      "location" : "https://github.com/evgenyneu/Cosmos.git",
      "state" : {
        "revision" : "0ce74de64fdb6bfb19a7090f9d5f1fc5288bfbf6",
        "version" : "20.0.1"
      }
    },
    {
      "identity" : "flanimatedimage",
      "kind" : "remoteSourceControl",
      "location" : "https://github.com/Flipboard/FLAnimatedImage.git",
      "state" : {
        "revision" : "d4f07b6f164d53c1212c3e54d6460738b1981e9f",
        "version" : "1.0.17"
      }
    },
    {
      "identity" : "mobile-keyboard-ios",
      "kind" : "remoteSourceControl",
      "location" : "https://github.com/roxchat/mobile-keyboard-ios.git",
      "state" : {
        "revision" : "d33bed5058814d0478e81f6bbe0c5d2bf5b13718",
        "version" : "2.0.1"
      }
    },
    {
      "identity" : "mobile-sdk-ios",
      "kind" : "remoteSourceControl",
      "location" : "https://github.com/roxchat/mobile-sdk-ios.git",
      "state" : {
        "revision" : "8aaaf1f11c0f12bf0828b85199a9416eb2942a34",
        "version" : "3.0.4"
      }
    },
    {
      "identity" : "mobile-widget-ios",
      "kind" : "remoteSourceControl",
      "location" : "https://github.com/roxchat/mobile-widget-ios",
      "state" : {
        "branch" : "release_1_0_0",
        "revision" : "9b500a957f81ec249ffb958448ebbcce781b7162"
      }
    },
    {
      "identity" : "nuke",
      "kind" : "remoteSourceControl",
      "location" : "https://github.com/kean/Nuke.git",
      "state" : {
        "revision" : "4625c73ea00a9fb4b4f3e28d95d0021a44af7e59",
        "version" : "12.5.0"
      }
    },
    {
      "identity" : "snapkit",
      "kind" : "remoteSourceControl",
      "location" : "https://github.com/SnapKit/SnapKit.git",
      "state" : {
        "revision" : "2842e6e84e82eb9a8dac0100ca90d9444b0307f4",
        "version" : "5.7.1"
      }
    },
    {
      "identity" : "sqlite.swift",
      "kind" : "remoteSourceControl",
      "location" : "https://github.com/stephencelis/SQLite.swift.git",
      "state" : {
        "revision" : "e78ae0220e17525a15ac68c697a155eb7a672a8e",
        "version" : "0.15.0"
      }
    }
  ],
  "version" : 3
}
